{
  "version": 4,
  "terraform_version": "0.12.12",
  "serial": 106,
  "lineage": "b75d4761-9669-4372-b76f-35de0bafa3b9",
  "outputs": {
    "kinesis_stream_arn": {
      "value": "arn:aws:kinesis:eu-west-1:572995054717:stream/event-streaming-stream",
      "type": "string"
    },
    "kinesis_stream_id": {
      "value": "arn:aws:kinesis:eu-west-1:572995054717:stream/event-streaming-stream",
      "type": "string"
    },
    "kinesis_stream_name": {
      "value": "event-streaming-stream",
      "type": "string"
    },
    "user_arn": {
      "value": "arn:aws:iam::572995054717:user/mysql2kinesis",
      "type": "string"
    }
  },
  "resources": [
    {
      "mode": "managed",
      "type": "aws_iam_access_key",
      "name": "mysql2kinesis",
      "provider": "provider.aws",
      "instances": [
        {
          "schema_version": 0,
          "attributes": {
            "encrypted_secret": null,
            "id": "AKIAYK2JKVR6XMZLWKNU",
            "key_fingerprint": null,
            "pgp_key": null,
            "secret": "A1t44tldi2QMjVs8tcjg+LdyzvX5AF8VAucDzlZY",
            "ses_smtp_password": "Ar0g0vJjdE3afu4nLksHd0KDgI5Zdcc7/iC1vQrfuIl0",
            "status": "Active",
            "user": "mysql2kinesis"
          },
          "private": "bnVsbA==",
          "depends_on": [
            "aws_iam_user.mysql2kinesis"
          ]
        }
      ]
    },
    {
      "mode": "managed",
      "type": "aws_iam_role",
      "name": "firehose_assume_role",
      "provider": "provider.aws",
      "instances": [
        {
          "schema_version": 0,
          "attributes": {
            "arn": "arn:aws:iam::572995054717:role/firehose_assume_role",
            "assume_role_policy": "{\"Version\":\"2012-10-17\",\"Statement\":[{\"Sid\":\"\",\"Effect\":\"Allow\",\"Principal\":{\"Service\":\"firehose.amazonaws.com\"},\"Action\":\"sts:AssumeRole\"}]}",
            "create_date": "2019-11-04T11:35:54Z",
            "description": "",
            "force_detach_policies": false,
            "id": "firehose_assume_role",
            "max_session_duration": 3600,
            "name": "firehose_assume_role",
            "name_prefix": null,
            "path": "/",
            "permissions_boundary": null,
            "tags": {},
            "unique_id": "AROAYK2JKVR6VPDDUYV6K"
          },
          "private": "bnVsbA=="
        }
      ]
    },
    {
      "mode": "managed",
      "type": "aws_iam_role_policy",
      "name": "kinesis_consumer",
      "provider": "provider.aws",
      "instances": [
        {
          "schema_version": 0,
          "attributes": {
            "id": "firehose_assume_role:test_policy",
            "name": "test_policy",
            "name_prefix": null,
            "policy": "{\n  \"Version\": \"2012-10-17\",\n  \"Statement\": [\n    {\n      \"Action\": [\n        \"kinesis:DescribeStream\"\n      ],\n      \"Effect\": \"Allow\",\n      \"Resource\": \"*\"\n    }\n  ]\n}\n",
            "role": "firehose_assume_role"
          },
          "private": "bnVsbA==",
          "depends_on": [
            "aws_iam_role.firehose_assume_role"
          ]
        }
      ]
    },
    {
      "mode": "managed",
      "type": "aws_iam_user",
      "name": "mysql2kinesis",
      "provider": "provider.aws",
      "instances": [
        {
          "schema_version": 0,
          "attributes": {
            "arn": "arn:aws:iam::572995054717:user/mysql2kinesis",
            "force_destroy": false,
            "id": "mysql2kinesis",
            "name": "mysql2kinesis",
            "path": "/",
            "permissions_boundary": null,
            "tags": {
              "Environment": "test",
              "Owner": "event-streaming"
            },
            "unique_id": "AIDAYK2JKVR67INERDPSP"
          }
        }
      ]
    },
    {
      "mode": "managed",
      "type": "aws_iam_user_policy_attachment",
      "name": "test-attach",
      "provider": "provider.aws",
      "instances": [
        {
          "schema_version": 0,
          "attributes": {
            "id": "mysql2kinesis-20191030122423412900000003",
            "policy_arn": "arn:aws:iam::aws:policy/AmazonKinesisFullAccess",
            "user": "mysql2kinesis"
          },
          "private": "bnVsbA==",
          "depends_on": [
            "aws_iam_user.mysql2kinesis"
          ]
        }
      ]
    },
    {
      "mode": "managed",
      "type": "aws_kinesis_firehose_delivery_stream",
      "name": "test_stream",
      "provider": "provider.aws",
      "instances": [
        {
          "schema_version": 1,
          "attributes": {
            "arn": "arn:aws:firehose:eu-west-1:572995054717:deliverystream/terraform-kinesis-firehose-test-stream",
            "destination": "s3",
            "destination_id": "destinationId-000000000001",
            "elasticsearch_configuration": [],
            "extended_s3_configuration": [],
            "id": "arn:aws:firehose:eu-west-1:572995054717:deliverystream/terraform-kinesis-firehose-test-stream",
            "kinesis_source_configuration": [
              {
                "kinesis_stream_arn": "arn:aws:kinesis:eu-west-1:572995054717:stream/event-streaming-stream",
                "role_arn": "arn:aws:iam::572995054717:role/firehose_assume_role"
              }
            ],
            "name": "terraform-kinesis-firehose-test-stream",
            "redshift_configuration": [],
            "s3_configuration": [
              {
                "bucket_arn": "arn:aws:s3:::event-streaming-event-log",
                "buffer_interval": 300,
                "buffer_size": 5,
                "cloudwatch_logging_options": [
                  {
                    "enabled": false,
                    "log_group_name": "",
                    "log_stream_name": ""
                  }
                ],
                "compression_format": "GZIP",
                "kms_key_arn": "",
                "prefix": "",
                "role_arn": "arn:aws:iam::572995054717:role/firehose_assume_role"
              }
            ],
            "server_side_encryption": [
              {
                "enabled": false
              }
            ],
            "splunk_configuration": [],
            "tags": null,
            "version_id": "1"
          },
          "private": "eyJzY2hlbWFfdmVyc2lvbiI6IjEifQ==",
          "depends_on": [
            "aws_iam_role.firehose_assume_role",
            "aws_kinesis_stream.stream1",
            "aws_s3_bucket.event_log_bucket"
          ]
        }
      ]
    },
    {
      "mode": "managed",
      "type": "aws_kinesis_stream",
      "name": "stream1",
      "provider": "provider.aws",
      "instances": [
        {
          "schema_version": 1,
          "attributes": {
            "arn": "arn:aws:kinesis:eu-west-1:572995054717:stream/event-streaming-stream",
            "encryption_type": "NONE",
            "enforce_consumer_deletion": false,
            "id": "arn:aws:kinesis:eu-west-1:572995054717:stream/event-streaming-stream",
            "kms_key_id": "",
            "name": "event-streaming-stream",
            "retention_period": 24,
            "shard_count": 1,
            "shard_level_metrics": [
              "IncomingBytes",
              "OutgoingBytes"
            ],
            "tags": {
              "Environment": "test",
              "Owner": "event-streaming"
            },
            "timeouts": null
          },
          "private": "eyJlMmJmYjczMC1lY2FhLTExZTYtOGY4OC0zNDM2M2JjN2M0YzAiOnsiY3JlYXRlIjozMDAwMDAwMDAwMDAsImRlbGV0ZSI6NzIwMDAwMDAwMDAwMCwidXBkYXRlIjo3MjAwMDAwMDAwMDAwfSwic2NoZW1hX3ZlcnNpb24iOiIxIn0="
        }
      ]
    },
    {
      "mode": "managed",
      "type": "aws_s3_bucket",
      "name": "event_log_bucket",
      "provider": "provider.aws",
      "instances": [
        {
          "schema_version": 0,
          "attributes": {
            "acceleration_status": "",
            "acl": "private",
            "arn": "arn:aws:s3:::event-streaming-event-log",
            "bucket": "event-streaming-event-log",
            "bucket_domain_name": "event-streaming-event-log.s3.amazonaws.com",
            "bucket_prefix": null,
            "bucket_regional_domain_name": "event-streaming-event-log.s3.eu-west-1.amazonaws.com",
            "cors_rule": [],
            "force_destroy": false,
            "hosted_zone_id": "Z1BKCTXD74EZPE",
            "id": "event-streaming-event-log",
            "lifecycle_rule": [],
            "logging": [],
            "object_lock_configuration": [],
            "policy": null,
            "region": "eu-west-1",
            "replication_configuration": [],
            "request_payer": "BucketOwner",
            "server_side_encryption_configuration": [],
            "tags": {},
            "versioning": [
              {
                "enabled": true,
                "mfa_delete": false
              }
            ],
            "website": [],
            "website_domain": null,
            "website_endpoint": null
          },
          "private": "bnVsbA=="
        }
      ]
    },
    {
      "mode": "managed",
      "type": "aws_s3_bucket_object",
      "name": "athena",
      "provider": "provider.aws",
      "instances": [
        {
          "schema_version": 0,
          "attributes": {
            "acl": "private",
            "bucket": "event-streaming-event-log",
            "cache_control": "",
            "content": null,
            "content_base64": null,
            "content_disposition": "",
            "content_encoding": "",
            "content_language": "",
            "content_type": "binary/octet-stream",
            "etag": "d41d8cd98f00b204e9800998ecf8427e",
            "force_destroy": false,
            "id": "athena-test/",
            "key": "athena-test/",
            "kms_key_id": null,
            "metadata": {},
            "object_lock_legal_hold_status": "",
            "object_lock_mode": "",
            "object_lock_retain_until_date": "",
            "server_side_encryption": "",
            "source": "/dev/null",
            "storage_class": "STANDARD",
            "tags": {},
            "version_id": "WClJjD0U7kO.lJVIX9adXE94pDynX0gl",
            "website_redirect": ""
          },
          "private": "bnVsbA==",
          "depends_on": [
            "aws_s3_bucket.event_log_bucket"
          ]
        }
      ]
    }
  ]
}
